// !$*UTF8*$!
{
	archiveVersion = 1;
	classes = {
	};
	objectVersion = 55;
	objects = {

/* Begin PBXBuildFile section */
		ADC48F2B28D6FBC40046A232 /* SimpleToDoApp.swift in Sources */ = {isa = PBXBuildFile; fileRef = ADC48F2A28D6FBC40046A232 /* SimpleToDoApp.swift */; };
		ADC48F2D28D6FBC40046A232 /* ContentView.swift in Sources */ = {isa = PBXBuildFile; fileRef = ADC48F2C28D6FBC40046A232 /* ContentView.swift */; };
		ADC48F2F28D6FBC80046A232 /* Assets.xcassets in Resources */ = {isa = PBXBuildFile; fileRef = ADC48F2E28D6FBC80046A232 /* Assets.xcassets */; };
		ADC48F3228D6FBC80046A232 /* Preview Assets.xcassets in Resources */ = {isa = PBXBuildFile; fileRef = ADC48F3128D6FBC80046A232 /* Preview Assets.xcassets */; };
		ADC48F3428D6FBC80046A232 /* Persistence.swift in Sources */ = {isa = PBXBuildFile; fileRef = ADC48F3328D6FBC80046A232 /* Persistence.swift */; };
		ADC48F3728D6FBC80046A232 /* SimpleToDo.xcdatamodeld in Sources */ = {isa = PBXBuildFile; fileRef = ADC48F3528D6FBC80046A232 /* SimpleToDo.xcdatamodeld */; };
		ADC48F4128D6FBC80046A232 /* SimpleToDoTests.swift in Sources */ = {isa = PBXBuildFile; fileRef = ADC48F4028D6FBC80046A232 /* SimpleToDoTests.swift */; };
		ADC48F4B28D6FBC80046A232 /* SimpleToDoUITests.swift in Sources */ = {isa = PBXBuildFile; fileRef = ADC48F4A28D6FBC80046A232 /* SimpleToDoUITests.swift */; };
		ADC48F4D28D6FBC80046A232 /* SimpleToDoUITestsLaunchTests.swift in Sources */ = {isa = PBXBuildFile; fileRef = ADC48F4C28D6FBC80046A232 /* SimpleToDoUITestsLaunchTests.swift */; };
		ADC48F5B28D6FE5C0046A232 /* CoreDataManager.swift in Sources */ = {isa = PBXBuildFile; fileRef = ADC48F5A28D6FE5C0046A232 /* CoreDataManager.swift */; };
/* End PBXBuildFile section */

/* Begin PBXContainerItemProxy section */
		ADC48F3D28D6FBC80046A232 /* PBXContainerItemProxy */ = {
			isa = PBXContainerItemProxy;
			containerPortal = ADC48F1F28D6FBC40046A232 /* Project object */;
			proxyType = 1;
			remoteGlobalIDString = ADC48F2628D6FBC40046A232;
			remoteInfo = SimpleToDo;
		};
		ADC48F4728D6FBC80046A232 /* PBXContainerItemProxy */ = {
			isa = PBXContainerItemProxy;
			containerPortal = ADC48F1F28D6FBC40046A232 /* Project object */;
			proxyType = 1;
			remoteGlobalIDString = ADC48F2628D6FBC40046A232;
			remoteInfo = SimpleToDo;
		};
/* End PBXContainerItemProxy section */

/* Begin PBXFileReference section */
		ADC48F2728D6FBC40046A232 /* SimpleToDo.app */ = {isa = PBXFileReference; explicitFileType = wrapper.application; includeInIndex = 0; path = SimpleToDo.app; sourceTree = BUILT_PRODUCTS_DIR; };
		ADC48F2A28D6FBC40046A232 /* SimpleToDoApp.swift */ = {isa = PBXFileReference; lastKnownFileType = sourcecode.swift; path = SimpleToDoApp.swift; sourceTree = "<group>"; };
		ADC48F2C28D6FBC40046A232 /* ContentView.swift */ = {isa = PBXFileReference; lastKnownFileType = sourcecode.swift; path = ContentView.swift; sourceTree = "<group>"; };
		ADC48F2E28D6FBC80046A232 /* Assets.xcassets */ = {isa = PBXFileReference; lastKnownFileType = folder.assetcatalog; path = Assets.xcassets; sourceTree = "<group>"; };
		ADC48F3128D6FBC80046A232 /* Preview Assets.xcassets */ = {isa = PBXFileReference; lastKnownFileType = folder.assetcatalog; path = "Preview Assets.xcassets"; sourceTree = "<group>"; };
		ADC48F3328D6FBC80046A232 /* Persistence.swift */ = {isa = PBXFileReference; lastKnownFileType = sourcecode.swift; path = Persistence.swift; sourceTree = "<group>"; };
		ADC48F3628D6FBC80046A232 /* SimpleToDo.xcdatamodel */ = {isa = PBXFileReference; lastKnownFileType = wrapper.xcdatamodel; path = SimpleToDo.xcdatamodel; sourceTree = "<group>"; };
		ADC48F3C28D6FBC80046A232 /* SimpleToDoTests.xctest */ = {isa = PBXFileReference; explicitFileType = wrapper.cfbundle; includeInIndex = 0; path = SimpleToDoTests.xctest; sourceTree = BUILT_PRODUCTS_DIR; };
		ADC48F4028D6FBC80046A232 /* SimpleToDoTests.swift */ = {isa = PBXFileReference; lastKnownFileType = sourcecode.swift; path = SimpleToDoTests.swift; sourceTree = "<group>"; };
		ADC48F4628D6FBC80046A232 /* SimpleToDoUITests.xctest */ = {isa = PBXFileReference; explicitFileType = wrapper.cfbundle; includeInIndex = 0; path = SimpleToDoUITests.xctest; sourceTree = BUILT_PRODUCTS_DIR; };
		ADC48F4A28D6FBC80046A232 /* SimpleToDoUITests.swift */ = {isa = PBXFileReference; lastKnownFileType = sourcecode.swift; path = SimpleToDoUITests.swift; sourceTree = "<group>"; };
		ADC48F4C28D6FBC80046A232 /* SimpleToDoUITestsLaunchTests.swift */ = {isa = PBXFileReference; lastKnownFileType = sourcecode.swift; path = SimpleToDoUITestsLaunchTests.swift; sourceTree = "<group>"; };
		ADC48F5A28D6FE5C0046A232 /* CoreDataManager.swift */ = {isa = PBXFileReference; lastKnownFileType = sourcecode.swift; path = CoreDataManager.swift; sourceTree = "<group>"; };
/* End PBXFileReference section */

/* Begin PBXFrameworksBuildPhase section */
		ADC48F2428D6FBC40046A232 /* Frameworks */ = {
			isa = PBXFrameworksBuildPhase;
			buildActionMask = 2147483647;
			files = (
			);
			runOnlyForDeploymentPostprocessing = 0;
		};
		ADC48F3928D6FBC80046A232 /* Frameworks */ = {
			isa = PBXFrameworksBuildPhase;
			buildActionMask = 2147483647;
			files = (
			);
			runOnlyForDeploymentPostprocessing = 0;
		};
		ADC48F4328D6FBC80046A232 /* Frameworks */ = {
			isa = PBXFrameworksBuildPhase;
			buildActionMask = 2147483647;
			files = (
			);
			runOnlyForDeploymentPostprocessing = 0;
		};
/* End PBXFrameworksBuildPhase section */

/* Begin PBXGroup section */
		ADC48F1E28D6FBC40046A232 = {
			isa = PBXGroup;
			children = (
				ADC48F2928D6FBC40046A232 /* SimpleToDo */,
				ADC48F3F28D6FBC80046A232 /* SimpleToDoTests */,
				ADC48F4928D6FBC80046A232 /* SimpleToDoUITests */,
				ADC48F2828D6FBC40046A232 /* Products */,
			);
			sourceTree = "<group>";
		};
		ADC48F2828D6FBC40046A232 /* Products */ = {
			isa = PBXGroup;
			children = (
				ADC48F2728D6FBC40046A232 /* SimpleToDo.app */,
				ADC48F3C28D6FBC80046A232 /* SimpleToDoTests.xctest */,
				ADC48F4628D6FBC80046A232 /* SimpleToDoUITests.xctest */,
			);
			name = Products;
			sourceTree = "<group>";
		};
		ADC48F2928D6FBC40046A232 /* SimpleToDo */ = {
			isa = PBXGroup;
			children = (
				ADC48F5928D6FE130046A232 /* Managers */,
				ADC48F2A28D6FBC40046A232 /* SimpleToDoApp.swift */,
				ADC48F2C28D6FBC40046A232 /* ContentView.swift */,
				ADC48F2E28D6FBC80046A232 /* Assets.xcassets */,
				ADC48F3328D6FBC80046A232 /* Persistence.swift */,
				ADC48F3528D6FBC80046A232 /* SimpleToDo.xcdatamodeld */,
				ADC48F3028D6FBC80046A232 /* Preview Content */,
			);
			path = SimpleToDo;
			sourceTree = "<group>";
		};
		ADC48F3028D6FBC80046A232 /* Preview Content */ = {
			isa = PBXGroup;
			children = (
				ADC48F3128D6FBC80046A232 /* Preview Assets.xcassets */,
			);
			path = "Preview Content";
			sourceTree = "<group>";
		};
		ADC48F3F28D6FBC80046A232 /* SimpleToDoTests */ = {
			isa = PBXGroup;
			children = (
				ADC48F4028D6FBC80046A232 /* SimpleToDoTests.swift */,
			);
			path = SimpleToDoTests;
			sourceTree = "<group>";
		};
		ADC48F4928D6FBC80046A232 /* SimpleToDoUITests */ = {
			isa = PBXGroup;
			children = (
				ADC48F4A28D6FBC80046A232 /* SimpleToDoUITests.swift */,
				ADC48F4C28D6FBC80046A232 /* SimpleToDoUITestsLaunchTests.swift */,
			);
			path = SimpleToDoUITests;
			sourceTree = "<group>";
		};
		ADC48F5928D6FE130046A232 /* Managers */ = {
			isa = PBXGroup;
			children = (
				ADC48F5A28D6FE5C0046A232 /* CoreDataManager.swift */,
			);
			path = Managers;
			sourceTree = "<group>";
		};
/* End PBXGroup section */

/* Begin PBXNativeTarget section */
		ADC48F2628D6FBC40046A232 /* SimpleToDo */ = {
			isa = PBXNativeTarget;
			buildConfigurationList = ADC48F5028D6FBC80046A232 /* Build configuration list for PBXNativeTarget "SimpleToDo" */;
			buildPhases = (
				ADC48F2328D6FBC40046A232 /* Sources */,
				ADC48F2428D6FBC40046A232 /* Frameworks */,
				ADC48F2528D6FBC40046A232 /* Resources */,
			);
			buildRules = (
			);
			dependencies = (
			);
			name = SimpleToDo;
			productName = SimpleToDo;
			productReference = ADC48F2728D6FBC40046A232 /* SimpleToDo.app */;
			productType = "com.apple.product-type.application";
		};
		ADC48F3B28D6FBC80046A232 /* SimpleToDoTests */ = {
			isa = PBXNativeTarget;
			buildConfigurationList = ADC48F5328D6FBC80046A232 /* Build configuration list for PBXNativeTarget "SimpleToDoTests" */;
			buildPhases = (
				ADC48F3828D6FBC80046A232 /* Sources */,
				ADC48F3928D6FBC80046A232 /* Frameworks */,
				ADC48F3A28D6FBC80046A232 /* Resources */,
			);
			buildRules = (
			);
			dependencies = (
				ADC48F3E28D6FBC80046A232 /* PBXTargetDependency */,
			);
			name = SimpleToDoTests;
			productName = SimpleToDoTests;
			productReference = ADC48F3C28D6FBC80046A232 /* SimpleToDoTests.xctest */;
			productType = "com.apple.product-type.bundle.unit-test";
		};
		ADC48F4528D6FBC80046A232 /* SimpleToDoUITests */ = {
			isa = PBXNativeTarget;
			buildConfigurationList = ADC48F5628D6FBC80046A232 /* Build configuration list for PBXNativeTarget "SimpleToDoUITests" */;
			buildPhases = (
				ADC48F4228D6FBC80046A232 /* Sources */,
				ADC48F4328D6FBC80046A232 /* Frameworks */,
				ADC48F4428D6FBC80046A232 /* Resources */,
			);
			buildRules = (
			);
			dependencies = (
				ADC48F4828D6FBC80046A232 /* PBXTargetDependency */,
			);
			name = SimpleToDoUITests;
			productName = SimpleToDoUITests;
			productReference = ADC48F4628D6FBC80046A232 /* SimpleToDoUITests.xctest */;
			productType = "com.apple.product-type.bundle.ui-testing";
		};
/* End PBXNativeTarget section */

/* Begin PBXProject section */
		ADC48F1F28D6FBC40046A232 /* Project object */ = {
			isa = PBXProject;
			attributes = {
				BuildIndependentTargetsInParallel = 1;
				LastSwiftUpdateCheck = 1340;
				LastUpgradeCheck = 1340;
				TargetAttributes = {
					ADC48F2628D6FBC40046A232 = {
						CreatedOnToolsVersion = 13.4.1;
					};
					ADC48F3B28D6FBC80046A232 = {
						CreatedOnToolsVersion = 13.4.1;
						TestTargetID = ADC48F2628D6FBC40046A232;
					};
					ADC48F4528D6FBC80046A232 = {
						CreatedOnToolsVersion = 13.4.1;
						TestTargetID = ADC48F2628D6FBC40046A232;
					};
				};
			};
			buildConfigurationList = ADC48F2228D6FBC40046A232 /* Build configuration list for PBXProject "SimpleToDo" */;
			compatibilityVersion = "Xcode 13.0";
			developmentRegion = en;
			hasScannedForEncodings = 0;
			knownRegions = (
				en,
				Base,
			);
			mainGroup = ADC48F1E28D6FBC40046A232;
			productRefGroup = ADC48F2828D6FBC40046A232 /* Products */;
			projectDirPath = "";
			projectRoot = "";
			targets = (
				ADC48F2628D6FBC40046A232 /* SimpleToDo */,
				ADC48F3B28D6FBC80046A232 /* SimpleToDoTests */,
				ADC48F4528D6FBC80046A232 /* SimpleToDoUITests */,
			);
		};
/* End PBXProject section */

/* Begin PBXResourcesBuildPhase section */
		ADC48F2528D6FBC40046A232 /* Resources */ = {
			isa = PBXResourcesBuildPhase;
			buildActionMask = 2147483647;
			files = (
				ADC48F3228D6FBC80046A232 /* Preview Assets.xcassets in Resources */,
				ADC48F2F28D6FBC80046A232 /* Assets.xcassets in Resources */,
			);
			runOnlyForDeploymentPostprocessing = 0;
		};
		ADC48F3A28D6FBC80046A232 /* Resources */ = {
			isa = PBXResourcesBuildPhase;
			buildActionMask = 2147483647;
			files = (
			);
			runOnlyForDeploymentPostprocessing = 0;
		};
		ADC48F4428D6FBC80046A232 /* Resources */ = {
			isa = PBXResourcesBuildPhase;
			buildActionMask = 2147483647;
			files = (
			);
			runOnlyForDeploymentPostprocessing = 0;
		};
/* End PBXResourcesBuildPhase section */

/* Begin PBXSourcesBuildPhase section */
		ADC48F2328D6FBC40046A232 /* Sources */ = {
			isa = PBXSourcesBuildPhase;
			buildActionMask = 2147483647;
			files = (
				ADC48F3428D6FBC80046A232 /* Persistence.swift in Sources */,
				ADC48F2D28D6FBC40046A232 /* ContentView.swift in Sources */,
				ADC48F2B28D6FBC40046A232 /* SimpleToDoApp.swift in Sources */,
				ADC48F5B28D6FE5C0046A232 /* CoreDataManager.swift in Sources */,
				ADC48F3728D6FBC80046A232 /* SimpleToDo.xcdatamodeld in Sources */,
			);
			runOnlyForDeploymentPostprocessing = 0;
		};
		ADC48F3828D6FBC80046A232 /* Sources */ = {
			isa = PBXSourcesBuildPhase;
			buildActionMask = 2147483647;
			files = (
				ADC48F4128D6FBC80046A232 /* SimpleToDoTests.swift in Sources */,
			);
			runOnlyForDeploymentPostprocessing = 0;
		};
		ADC48F4228D6FBC80046A232 /* Sources */ = {
			isa = PBXSourcesBuildPhase;
			buildActionMask = 2147483647;
			files = (
				ADC48F4D28D6FBC80046A232 /* SimpleToDoUITestsLaunchTests.swift in Sources */,
				ADC48F4B28D6FBC80046A232 /* SimpleToDoUITests.swift in Sources */,
			);
			runOnlyForDeploymentPostprocessing = 0;
		};
/* End PBXSourcesBuildPhase section */

/* Begin PBXTargetDependency section */
		ADC48F3E28D6FBC80046A232 /* PBXTargetDependency */ = {
			isa = PBXTargetDependency;
			target = ADC48F2628D6FBC40046A232 /* SimpleToDo */;
			targetProxy = ADC48F3D28D6FBC80046A232 /* PBXContainerItemProxy */;
		};
		ADC48F4828D6FBC80046A232 /* PBXTargetDependency */ = {
			isa = PBXTargetDependency;
			target = ADC48F2628D6FBC40046A232 /* SimpleToDo */;
			targetProxy = ADC48F4728D6FBC80046A232 /* PBXContainerItemProxy */;
		};
/* End PBXTargetDependency section */

/* Begin XCBuildConfiguration section */
		ADC48F4E28D6FBC80046A232 /* Debug */ = {
			isa = XCBuildConfiguration;
			buildSettings = {
				ALWAYS_SEARCH_USER_PATHS = NO;
				CLANG_ANALYZER_NONNULL = YES;
				CLANG_ANALYZER_NUMBER_OBJECT_CONVERSION = YES_AGGRESSIVE;
				CLANG_CXX_LANGUAGE_STANDARD = "gnu++17";
				CLANG_ENABLE_MODULES = YES;
				CLANG_ENABLE_OBJC_ARC = YES;
				CLANG_ENABLE_OBJC_WEAK = YES;
				CLANG_WARN_BLOCK_CAPTURE_AUTORELEASING = YES;
				CLANG_WARN_BOOL_CONVERSION = YES;
				CLANG_WARN_COMMA = YES;
				CLANG_WARN_CONSTANT_CONVERSION = YES;
				CLANG_WARN_DEPRECATED_OBJC_IMPLEMENTATIONS = YES;
				CLANG_WARN_DIRECT_OBJC_ISA_USAGE = YES_ERROR;
				CLANG_WARN_DOCUMENTATION_COMMENTS = YES;
				CLANG_WARN_EMPTY_BODY = YES;
				CLANG_WARN_ENUM_CONVERSION = YES;
				CLANG_WARN_INFINITE_RECURSION = YES;
				CLANG_WARN_INT_CONVERSION = YES;
				CLANG_WARN_NON_LITERAL_NULL_CONVERSION = YES;
				CLANG_WARN_OBJC_IMPLICIT_RETAIN_SELF = YES;
				CLANG_WARN_OBJC_LITERAL_CONVERSION = YES;
				CLANG_WARN_OBJC_ROOT_CLASS = YES_ERROR;
				CLANG_WARN_QUOTED_INCLUDE_IN_FRAMEWORK_HEADER = YES;
				CLANG_WARN_RANGE_LOOP_ANALYSIS = YES;
				CLANG_WARN_STRICT_PROTOTYPES = YES;
				CLANG_WARN_SUSPICIOUS_MOVE = YES;
				CLANG_WARN_UNGUARDED_AVAILABILITY = YES_AGGRESSIVE;
				CLANG_WARN_UNREACHABLE_CODE = YES;
				CLANG_WARN__DUPLICATE_METHOD_MATCH = YES;
				COPY_PHASE_STRIP = NO;
				DEBUG_INFORMATION_FORMAT = dwarf;
				ENABLE_STRICT_OBJC_MSGSEND = YES;
				ENABLE_TESTABILITY = YES;
				GCC_C_LANGUAGE_STANDARD = gnu11;
				GCC_DYNAMIC_NO_PIC = NO;
				GCC_NO_COMMON_BLOCKS = YES;
				GCC_OPTIMIZATION_LEVEL = 0;
				GCC_PREPROCESSOR_DEFINITIONS = (
					"DEBUG=1",
					"$(inherited)",
				);
				GCC_WARN_64_TO_32_BIT_CONVERSION = YES;
				GCC_WARN_ABOUT_RETURN_TYPE = YES_ERROR;
				GCC_WARN_UNDECLARED_SELECTOR = YES;
				GCC_WARN_UNINITIALIZED_AUTOS = YES_AGGRESSIVE;
				GCC_WARN_UNUSED_FUNCTION = YES;
				GCC_WARN_UNUSED_VARIABLE = YES;
				IPHONEOS_DEPLOYMENT_TARGET = 15.5;
				MTL_ENABLE_DEBUG_INFO = INCLUDE_SOURCE;
				MTL_FAST_MATH = YES;
				ONLY_ACTIVE_ARCH = YES;
				SDKROOT = iphoneos;
				SWIFT_ACTIVE_COMPILATION_CONDITIONS = DEBUG;
				SWIFT_OPTIMIZATION_LEVEL = "-Onone";
			};
			name = Debug;
		};
		ADC48F4F28D6FBC80046A232 /* Release */ = {
			isa = XCBuildConfiguration;
			buildSettings = {
				ALWAYS_SEARCH_USER_PATHS = NO;
				CLANG_ANALYZER_NONNULL = YES;
				CLANG_ANALYZER_NUMBER_OBJECT_CONVERSION = YES_AGGRESSIVE;
				CLANG_CXX_LANGUAGE_STANDARD = "gnu++17";
				CLANG_ENABLE_MODULES = YES;
				CLANG_ENABLE_OBJC_ARC = YES;
				CLANG_ENABLE_OBJC_WEAK = YES;
				CLANG_WARN_BLOCK_CAPTURE_AUTORELEASING = YES;
				CLANG_WARN_BOOL_CONVERSION = YES;
				CLANG_WARN_COMMA = YES;
				CLANG_WARN_CONSTANT_CONVERSION = YES;
				CLANG_WARN_DEPRECATED_OBJC_IMPLEMENTATIONS = YES;
				CLANG_WARN_DIRECT_OBJC_ISA_USAGE = YES_ERROR;
				CLANG_WARN_DOCUMENTATION_COMMENTS = YES;
				CLANG_WARN_EMPTY_BODY = YES;
				CLANG_WARN_ENUM_CONVERSION = YES;
				CLANG_WARN_INFINITE_RECURSION = YES;
				CLANG_WARN_INT_CONVERSION = YES;
				CLANG_WARN_NON_LITERAL_NULL_CONVERSION = YES;
				CLANG_WARN_OBJC_IMPLICIT_RETAIN_SELF = YES;
				CLANG_WARN_OBJC_LITERAL_CONVERSION = YES;
				CLANG_WARN_OBJC_ROOT_CLASS = YES_ERROR;
				CLANG_WARN_QUOTED_INCLUDE_IN_FRAMEWORK_HEADER = YES;
				CLANG_WARN_RANGE_LOOP_ANALYSIS = YES;
				CLANG_WARN_STRICT_PROTOTYPES = YES;
				CLANG_WARN_SUSPICIOUS_MOVE = YES;
				CLANG_WARN_UNGUARDED_AVAILABILITY = YES_AGGRESSIVE;
				CLANG_WARN_UNREACHABLE_CODE = YES;
				CLANG_WARN__DUPLICATE_METHOD_MATCH = YES;
				COPY_PHASE_STRIP = NO;
				DEBUG_INFORMATION_FORMAT = "dwarf-with-dsym";
				ENABLE_NS_ASSERTIONS = NO;
				ENABLE_STRICT_OBJC_MSGSEND = YES;
				GCC_C_LANGUAGE_STANDARD = gnu11;
				GCC_NO_COMMON_BLOCKS = YES;
				GCC_WARN_64_TO_32_BIT_CONVERSION = YES;
				GCC_WARN_ABOUT_RETURN_TYPE = YES_ERROR;
				GCC_WARN_UNDECLARED_SELECTOR = YES;
				GCC_WARN_UNINITIALIZED_AUTOS = YES_AGGRESSIVE;
				GCC_WARN_UNUSED_FUNCTION = YES;
				GCC_WARN_UNUSED_VARIABLE = YES;
				IPHONEOS_DEPLOYMENT_TARGET = 15.5;
				MTL_ENABLE_DEBUG_INFO = NO;
				MTL_FAST_MATH = YES;
				SDKROOT = iphoneos;
				SWIFT_COMPILATION_MODE = wholemodule;
				SWIFT_OPTIMIZATION_LEVEL = "-O";
				VALIDATE_PRODUCT = YES;
			};
			name = Release;
		};
		ADC48F5128D6FBC80046A232 /* Debug */ = {
			isa = XCBuildConfiguration;
			buildSettings = {
				ASSETCATALOG_COMPILER_APPICON_NAME = AppIcon;
				ASSETCATALOG_COMPILER_GLOBAL_ACCENT_COLOR_NAME = AccentColor;
				CODE_SIGN_STYLE = Automatic;
				CURRENT_PROJECT_VERSION = 1;
				DEVELOPMENT_ASSET_PATHS = "\"SimpleToDo/Preview Content\"";
				ENABLE_PREVIEWS = YES;
				GENERATE_INFOPLIST_FILE = YES;
				INFOPLIST_KEY_UIApplicationSceneManifest_Generation = YES;
				INFOPLIST_KEY_UIApplicationSupportsIndirectInputEvents = YES;
				INFOPLIST_KEY_UILaunchScreen_Generation = YES;
				INFOPLIST_KEY_UISupportedInterfaceOrientations_iPad = "UIInterfaceOrientationPortrait UIInterfaceOrientationPortraitUpsideDown UIInterfaceOrientationLandscapeLeft UIInterfaceOrientationLandscapeRight";
				INFOPLIST_KEY_UISupportedInterfaceOrientations_iPhone = "UIInterfaceOrientationPortrait UIInterfaceOrientationLandscapeLeft UIInterfaceOrientationLandscapeRight";
				LD_RUNPATH_SEARCH_PATHS = (
					"$(inherited)",
					"@executable_path/Frameworks",
				);
				MARKETING_VERSION = 1.0;
				PRODUCT_BUNDLE_IDENTIFIER = com.SimpleToDo.SimpleToDo;
				PRODUCT_NAME = "$(TARGET_NAME)";
				SWIFT_EMIT_LOC_STRINGS = YES;
				SWIFT_VERSION = 5.0;
				TARGETED_DEVICE_FAMILY = "1,2";
			};
			name = Debug;
		};
		ADC48F5228D6FBC80046A232 /* Release */ = {
			isa = XCBuildConfiguration;
			buildSettings = {
				ASSETCATALOG_COMPILER_APPICON_NAME = AppIcon;
				ASSETCATALOG_COMPILER_GLOBAL_ACCENT_COLOR_NAME = AccentColor;
				CODE_SIGN_STYLE = Automatic;
				CURRENT_PROJECT_VERSION = 1;
				DEVELOPMENT_ASSET_PATHS = "\"SimpleToDo/Preview Content\"";
				ENABLE_PREVIEWS = YES;
				GENERATE_INFOPLIST_FILE = YES;
				INFOPLIST_KEY_UIApplicationSceneManifest_Generation = YES;
				INFOPLIST_KEY_UIApplicationSupportsIndirectInputEvents = YES;
				INFOPLIST_KEY_UILaunchScreen_Generation = YES;
				INFOPLIST_KEY_UISupportedInterfaceOrientations_iPad = "UIInterfaceOrientationPortrait UIInterfaceOrientationPortraitUpsideDown UIInterfaceOrientationLandscapeLeft UIInterfaceOrientationLandscapeRight";
				INFOPLIST_KEY_UISupportedInterfaceOrientations_iPhone = "UIInterfaceOrientationPortrait UIInterfaceOrientationLandscapeLeft UIInterfaceOrientationLandscapeRight";
				LD_RUNPATH_SEARCH_PATHS = (
					"$(inherited)",
					"@executable_path/Frameworks",
				);
				MARKETING_VERSION = 1.0;
				PRODUCT_BUNDLE_IDENTIFIER = com.SimpleToDo.SimpleToDo;
				PRODUCT_NAME = "$(TARGET_NAME)";
				SWIFT_EMIT_LOC_STRINGS = YES;
				SWIFT_VERSION = 5.0;
				TARGETED_DEVICE_FAMILY = "1,2";
			};
			name = Release;
		};
		ADC48F5428D6FBC80046A232 /* Debug */ = {
			isa = XCBuildConfiguration;
			buildSettings = {
				ALWAYS_EMBED_SWIFT_STANDARD_LIBRARIES = YES;
				BUNDLE_LOADER = "$(TEST_HOST)";
				CODE_SIGN_STYLE = Automatic;
				CURRENT_PROJECT_VERSION = 1;
				GENERATE_INFOPLIST_FILE = YES;
				IPHONEOS_DEPLOYMENT_TARGET = 15.5;
				MARKETING_VERSION = 1.0;
				PRODUCT_BUNDLE_IDENTIFIER = com.SimpleToDo.SimpleToDoTests;
				PRODUCT_NAME = "$(TARGET_NAME)";
				SWIFT_EMIT_LOC_STRINGS = NO;
				SWIFT_VERSION = 5.0;
				TARGETED_DEVICE_FAMILY = "1,2";
				TEST_HOST = "$(BUILT_PRODUCTS_DIR)/SimpleToDo.app/SimpleToDo";
			};
			name = Debug;
		};
		ADC48F5528D6FBC80046A232 /* Release */ = {
			isa = XCBuildConfiguration;
			buildSettings = {
				ALWAYS_EMBED_SWIFT_STANDARD_LIBRARIES = YES;
				BUNDLE_LOADER = "$(TEST_HOST)";
				CODE_SIGN_STYLE = Automatic;
				CURRENT_PROJECT_VERSION = 1;
				GENERATE_INFOPLIST_FILE = YES;
				IPHONEOS_DEPLOYMENT_TARGET = 15.5;
				MARKETING_VERSION = 1.0;
				PRODUCT_BUNDLE_IDENTIFIER = com.SimpleToDo.SimpleToDoTests;
				PRODUCT_NAME = "$(TARGET_NAME)";
				SWIFT_EMIT_LOC_STRINGS = NO;
				SWIFT_VERSION = 5.0;
				TARGETED_DEVICE_FAMILY = "1,2";
				TEST_HOST = "$(BUILT_PRODUCTS_DIR)/SimpleToDo.app/SimpleToDo";
			};
			name = Release;
		};
		ADC48F5728D6FBC80046A232 /* Debug */ = {
			isa = XCBuildConfiguration;
			buildSettings = {
				ALWAYS_EMBED_SWIFT_STANDARD_LIBRARIES = YES;
				CODE_SIGN_STYLE = Automatic;
				CURRENT_PROJECT_VERSION = 1;
				GENERATE_INFOPLIST_FILE = YES;
				MARKETING_VERSION = 1.0;
				PRODUCT_BUNDLE_IDENTIFIER = com.SimpleToDo.SimpleToDoUITests;
				PRODUCT_NAME = "$(TARGET_NAME)";
				SWIFT_EMIT_LOC_STRINGS = NO;
				SWIFT_VERSION = 5.0;
				TARGETED_DEVICE_FAMILY = "1,2";
				TEST_TARGET_NAME = SimpleToDo;
			};
			name = Debug;
		};
		ADC48F5828D6FBC80046A232 /* Release */ = {
			isa = XCBuildConfiguration;
			buildSettings = {
				ALWAYS_EMBED_SWIFT_STANDARD_LIBRARIES = YES;
				CODE_SIGN_STYLE = Automatic;
				CURRENT_PROJECT_VERSION = 1;
				GENERATE_INFOPLIST_FILE = YES;
				MARKETING_VERSION = 1.0;
				PRODUCT_BUNDLE_IDENTIFIER = com.SimpleToDo.SimpleToDoUITests;
				PRODUCT_NAME = "$(TARGET_NAME)";
				SWIFT_EMIT_LOC_STRINGS = NO;
				SWIFT_VERSION = 5.0;
				TARGETED_DEVICE_FAMILY = "1,2";
				TEST_TARGET_NAME = SimpleToDo;
			};
			name = Release;
		};
/* End XCBuildConfiguration section */

/* Begin XCConfigurationList section */
		ADC48F2228D6FBC40046A232 /* Build configuration list for PBXProject "SimpleToDo" */ = {
			isa = XCConfigurationList;
			buildConfigurations = (
				ADC48F4E28D6FBC80046A232 /* Debug */,
				ADC48F4F28D6FBC80046A232 /* Release */,
			);
			defaultConfigurationIsVisible = 0;
			defaultConfigurationName = Release;
		};
		ADC48F5028D6FBC80046A232 /* Build configuration list for PBXNativeTarget "SimpleToDo" */ = {
			isa = XCConfigurationList;
			buildConfigurations = (
				ADC48F5128D6FBC80046A232 /* Debug */,
				ADC48F5228D6FBC80046A232 /* Release */,
			);
			defaultConfigurationIsVisible = 0;
			defaultConfigurationName = Release;
		};
		ADC48F5328D6FBC80046A232 /* Build configuration list for PBXNativeTarget "SimpleToDoTests" */ = {
			isa = XCConfigurationList;
			buildConfigurations = (
				ADC48F5428D6FBC80046A232 /* Debug */,
				ADC48F5528D6FBC80046A232 /* Release */,
			);
			defaultConfigurationIsVisible = 0;
			defaultConfigurationName = Release;
		};
		ADC48F5628D6FBC80046A232 /* Build configuration list for PBXNativeTarget "SimpleToDoUITests" */ = {
			isa = XCConfigurationList;
			buildConfigurations = (
				ADC48F5728D6FBC80046A232 /* Debug */,
				ADC48F5828D6FBC80046A232 /* Release */,
			);
			defaultConfigurationIsVisible = 0;
			defaultConfigurationName = Release;
		};
/* End XCConfigurationList section */

/* Begin XCVersionGroup section */
		ADC48F3528D6FBC80046A232 /* SimpleToDo.xcdatamodeld */ = {
			isa = XCVersionGroup;
			children = (
				ADC48F3628D6FBC80046A232 /* SimpleToDo.xcdatamodel */,
			);
			currentVersion = ADC48F3628D6FBC80046A232 /* SimpleToDo.xcdatamodel */;
			path = SimpleToDo.xcdatamodeld;
			sourceTree = "<group>";
			versionGroupType = wrapper.xcdatamodel;
		};
/* End XCVersionGroup section */
	};
	rootObject = ADC48F1F28D6FBC40046A232 /* Project object */;
}
